# This file is automatically @generated by Cargo.
# It is not intended for manual editing.
version = 3

[[package]]
name = "repro"
version = "0.0.0"
source = "registry+https://github.com/rust-lang/crates.io-index"
checksum = "9fcf2cca2596b1298f8b9c6874afb99e4309cd80faeec350783e8eb3ae4c732c"

[[package]]
name = "tmp-ftq7ko"
version = "0.1.0"
dependencies = [
 "repro",
]
